{
    "_meta": {
        "hash": {
            "sha256": "5a2982be9ce88182c9c412e84461b5a862e6b601713b09d807cd3aacef746f18"
        },
        "pipfile-spec": 6,
        "requires": {
            "python_version": "3.6"
        },
        "sources": [
            {
                "name": "pypi",
                "url": "https://pypi.org/simple",
                "verify_ssl": true
            }
        ]
    },
    "default": {
        "click": {
            "hashes": [
                "sha256:2335065e6395b9e67ca716de5f7526736bfa6ceead690adf616d925bdc622b13",
                "sha256:5b94b49521f6456670fdb30cd82a4eca9412788a93fa6dd6df72c94d5a8ff2d7"
            ],
            "index": "pypi",
            "version": "==7.0"
        },
        "pyconfigreader": {
            "hashes": [
                "sha256:19d5575151f34e5ba3628cd2cdb0c396b9e85696c07f3651bfc1845e3af7a1d6"
            ],
            "index": "pypi",
            "version": "==0.7.1"
        },
        "testfixtures": {
            "hashes": [
                "sha256:8f22100d4fb841b958f64e71c8820a32dc46f57d4d7e077777b932acd87b7327",
                "sha256:9334f64d4210b734d04abff516d6ddaab7328306a0c4c1268ce4624df51c4f6d"
            ],
            "version": "==6.10.3"
        }
    },
    "develop": {}
}
